// !$*UTF8*$!
{
	archiveVersion = 1;
	classes = {
	};
	objectVersion = 70;
	objects = {

/* Begin PBXBuildFile section */
		5838F1BF2C8E832500A43263 /* MapView.swift in Sources */ = {isa = PBXBuildFile; fileRef = 5838F1BE2C8E832500A43263 /* MapView.swift */; };
		5838F1C12C8E839F00A43263 /* ServicesView.swift in Sources */ = {isa = PBXBuildFile; fileRef = 5838F1C02C8E839F00A43263 /* ServicesView.swift */; };
		5876B3D92C8D047E0077960A /* Rews.swift in Sources */ = {isa = PBXBuildFile; fileRef = 5876B3D82C8D047E0077960A /* Rews.swift */; };
		5876B3DB2C8D047E0077960A /* ContentView.swift in Sources */ = {isa = PBXBuildFile; fileRef = 5876B3DA2C8D047E0077960A /* ContentView.swift */; };
		5876B3DD2C8D04810077960A /* Assets.xcassets in Resources */ = {isa = PBXBuildFile; fileRef = 5876B3DC2C8D04810077960A /* Assets.xcassets */; };
		58AD20042C9691B100716111 /* VideoView.swift in Sources */ = {isa = PBXBuildFile; fileRef = 58AD20032C9691B100716111 /* VideoView.swift */; };
		58CA69362C9FA47600099335 /* Video.swift in Sources */ = {isa = PBXBuildFile; fileRef = 58CA69352C9FA47300099335 /* Video.swift */; };
		58CA69382C9FAD3400099335 /* Shelter.swift in Sources */ = {isa = PBXBuildFile; fileRef = 58CA69372C9FAD3100099335 /* Shelter.swift */; };
		58CA693A2C9FADD600099335 /* ShelterViewModel.swift in Sources */ = {isa = PBXBuildFile; fileRef = 58CA69392C9FADD000099335 /* ShelterViewModel.swift */; };
		58CA693C2C9FAF2000099335 /* VideoViewModel.swift in Sources */ = {isa = PBXBuildFile; fileRef = 58CA693B2C9FAF1B00099335 /* VideoViewModel.swift */; };
		58E2068B2C8E815A003CDE61 /* NewsView.swift in Sources */ = {isa = PBXBuildFile; fileRef = 58E2068A2C8E815A003CDE61 /* NewsView.swift */; };
		58EDD4172C93A64F004C2AF2 /* ArticleView.swift in Sources */ = {isa = PBXBuildFile; fileRef = 58EDD4162C93A64F004C2AF2 /* ArticleView.swift */; };
		58EDD41C2C93AB49004C2AF2 /* ServicePhone.swift in Sources */ = {isa = PBXBuildFile; fileRef = 58EDD41B2C93AB49004C2AF2 /* ServicePhone.swift */; };
		58EDD41E2C93ABEA004C2AF2 /* ServicePhoneViewModel.swift in Sources */ = {isa = PBXBuildFile; fileRef = 58EDD41D2C93ABEA004C2AF2 /* ServicePhoneViewModel.swift */; };
		58EDD4212C93B6F5004C2AF2 /* Article.swift in Sources */ = {isa = PBXBuildFile; fileRef = 58EDD4202C93B6F5004C2AF2 /* Article.swift */; };
		58EDD4232C93BB6D004C2AF2 /* Author.swift in Sources */ = {isa = PBXBuildFile; fileRef = 58EDD4222C93BB6D004C2AF2 /* Author.swift */; };
		58EDD4252C93BB93004C2AF2 /* ArticleViewModel.swift in Sources */ = {isa = PBXBuildFile; fileRef = 58EDD4242C93BB93004C2AF2 /* ArticleViewModel.swift */; };
/* End PBXBuildFile section */

/* Begin PBXFileReference section */
		5838F1BE2C8E832500A43263 /* MapView.swift */ = {isa = PBXFileReference; lastKnownFileType = sourcecode.swift; path = MapView.swift; sourceTree = "<group>"; };
		5838F1C02C8E839F00A43263 /* ServicesView.swift */ = {isa = PBXFileReference; lastKnownFileType = sourcecode.swift; path = ServicesView.swift; sourceTree = "<group>"; };
		583D0CBA2C9CFF1F0095E535 /* env.xcconfig */ = {isa = PBXFileReference; lastKnownFileType = text.xcconfig; path = env.xcconfig; sourceTree = "<group>"; };
		583D0CBB2C9D00A40095E535 /* Info.plist */ = {isa = PBXFileReference; lastKnownFileType = text.plist; path = Info.plist; sourceTree = "<group>"; };
		5876B3D52C8D047E0077960A /* Rews.app */ = {isa = PBXFileReference; explicitFileType = wrapper.application; includeInIndex = 0; path = Rews.app; sourceTree = BUILT_PRODUCTS_DIR; };
		5876B3D82C8D047E0077960A /* Rews.swift */ = {isa = PBXFileReference; lastKnownFileType = sourcecode.swift; path = Rews.swift; sourceTree = "<group>"; };
		5876B3DA2C8D047E0077960A /* ContentView.swift */ = {isa = PBXFileReference; lastKnownFileType = sourcecode.swift; path = ContentView.swift; sourceTree = "<group>"; };
		5876B3DC2C8D04810077960A /* Assets.xcassets */ = {isa = PBXFileReference; lastKnownFileType = folder.assetcatalog; path = Assets.xcassets; sourceTree = "<group>"; };
		58AD20032C9691B100716111 /* VideoView.swift */ = {isa = PBXFileReference; lastKnownFileType = sourcecode.swift; path = VideoView.swift; sourceTree = "<group>"; };
		58CA69352C9FA47300099335 /* Video.swift */ = {isa = PBXFileReference; lastKnownFileType = sourcecode.swift; path = Video.swift; sourceTree = "<group>"; };
		58CA69372C9FAD3100099335 /* Shelter.swift */ = {isa = PBXFileReference; lastKnownFileType = sourcecode.swift; path = Shelter.swift; sourceTree = "<group>"; };
		58CA69392C9FADD000099335 /* ShelterViewModel.swift */ = {isa = PBXFileReference; lastKnownFileType = sourcecode.swift; path = ShelterViewModel.swift; sourceTree = "<group>"; };
		58CA693B2C9FAF1B00099335 /* VideoViewModel.swift */ = {isa = PBXFileReference; lastKnownFileType = sourcecode.swift; path = VideoViewModel.swift; sourceTree = "<group>"; };
		58E2068A2C8E815A003CDE61 /* NewsView.swift */ = {isa = PBXFileReference; lastKnownFileType = sourcecode.swift; path = NewsView.swift; sourceTree = "<group>"; };
		58EDD4162C93A64F004C2AF2 /* ArticleView.swift */ = {isa = PBXFileReference; lastKnownFileType = sourcecode.swift; path = ArticleView.swift; sourceTree = "<group>"; };
		58EDD41B2C93AB49004C2AF2 /* ServicePhone.swift */ = {isa = PBXFileReference; lastKnownFileType = sourcecode.swift; path = ServicePhone.swift; sourceTree = "<group>"; };
		58EDD41D2C93ABEA004C2AF2 /* ServicePhoneViewModel.swift */ = {isa = PBXFileReference; lastKnownFileType = sourcecode.swift; path = ServicePhoneViewModel.swift; sourceTree = "<group>"; };
		58EDD4202C93B6F5004C2AF2 /* Article.swift */ = {isa = PBXFileReference; lastKnownFileType = sourcecode.swift; path = Article.swift; sourceTree = "<group>"; };
		58EDD4222C93BB6D004C2AF2 /* Author.swift */ = {isa = PBXFileReference; lastKnownFileType = sourcecode.swift; path = Author.swift; sourceTree = "<group>"; };
		58EDD4242C93BB93004C2AF2 /* ArticleViewModel.swift */ = {isa = PBXFileReference; lastKnownFileType = sourcecode.swift; path = ArticleViewModel.swift; sourceTree = "<group>"; };
/* End PBXFileReference section */

/* Begin PBXFileSystemSynchronizedRootGroup section */
		583D0CBC2C9D033B0095E535 /* Errors */ = {isa = PBXFileSystemSynchronizedRootGroup; explicitFileTypes = {}; explicitFolders = (); path = Errors; sourceTree = "<group>"; };
/* End PBXFileSystemSynchronizedRootGroup section */

/* Begin PBXFrameworksBuildPhase section */
		5876B3D22C8D047E0077960A /* Frameworks */ = {
			isa = PBXFrameworksBuildPhase;
			buildActionMask = 2147483647;
			files = (
			);
			runOnlyForDeploymentPostprocessing = 0;
		};
/* End PBXFrameworksBuildPhase section */

/* Begin PBXGroup section */
		5876B3CC2C8D047D0077960A = {
			isa = PBXGroup;
			children = (
				583D0CBA2C9CFF1F0095E535 /* env.xcconfig */,
				5876B3D72C8D047E0077960A /* Rews */,
				5876B3D62C8D047E0077960A /* Products */,
			);
			sourceTree = "<group>";
		};
		5876B3D62C8D047E0077960A /* Products */ = {
			isa = PBXGroup;
			children = (
				5876B3D52C8D047E0077960A /* Rews.app */,
			);
			name = Products;
			sourceTree = "<group>";
		};
		5876B3D72C8D047E0077960A /* Rews */ = {
			isa = PBXGroup;
			children = (
				583D0CBB2C9D00A40095E535 /* Info.plist */,
				58EDD41F2C93AC26004C2AF2 /* ViewModel */,
				58E206872C8E8100003CDE61 /* Networking */,
				58E206862C8E80F7003CDE61 /* Models */,
				58E206852C8E80ED003CDE61 /* Views */,
				5876B3D82C8D047E0077960A /* Rews.swift */,
				5876B3DC2C8D04810077960A /* Assets.xcassets */,
			);
			path = Rews;
			sourceTree = "<group>";
		};
		58CA693D2C9FAF9500099335 /* News */ = {
			isa = PBXGroup;
			children = (
				58E2068A2C8E815A003CDE61 /* NewsView.swift */,
				58EDD4162C93A64F004C2AF2 /* ArticleView.swift */,
			);
			path = News;
			sourceTree = "<group>";
		};
		58CA693E2C9FAFBA00099335 /* Menus */ = {
			isa = PBXGroup;
			children = (
				58CA693D2C9FAF9500099335 /* News */,
				5838F1BE2C8E832500A43263 /* MapView.swift */,
				5838F1C02C8E839F00A43263 /* ServicesView.swift */,
				58AD20032C9691B100716111 /* VideoView.swift */,
			);
			path = Menus;
			sourceTree = "<group>";
		};
		58E206852C8E80ED003CDE61 /* Views */ = {
			isa = PBXGroup;
			children = (
				58CA693E2C9FAFBA00099335 /* Menus */,
				5876B3DA2C8D047E0077960A /* ContentView.swift */,
			);
			path = Views;
			sourceTree = "<group>";
		};
		58E206862C8E80F7003CDE61 /* Models */ = {
			isa = PBXGroup;
			children = (
				58CA69372C9FAD3100099335 /* Shelter.swift */,
				58CA69352C9FA47300099335 /* Video.swift */,
				583D0CBC2C9D033B0095E535 /* Errors */,
				58EDD41B2C93AB49004C2AF2 /* ServicePhone.swift */,
				58EDD4202C93B6F5004C2AF2 /* Article.swift */,
				58EDD4222C93BB6D004C2AF2 /* Author.swift */,
			);
			path = Models;
			sourceTree = "<group>";
		};
		58E206872C8E8100003CDE61 /* Networking */ = {
			isa = PBXGroup;
			children = (
			);
			path = Networking;
			sourceTree = "<group>";
		};
		58EDD41F2C93AC26004C2AF2 /* ViewModel */ = {
			isa = PBXGroup;
			children = (
				58CA693B2C9FAF1B00099335 /* VideoViewModel.swift */,
				58CA69392C9FADD000099335 /* ShelterViewModel.swift */,
				58EDD41D2C93ABEA004C2AF2 /* ServicePhoneViewModel.swift */,
				58EDD4242C93BB93004C2AF2 /* ArticleViewModel.swift */,
			);
			path = ViewModel;
			sourceTree = "<group>";
		};
/* End PBXGroup section */

/* Begin PBXNativeTarget section */
		5876B3D42C8D047E0077960A /* Rews */ = {
			isa = PBXNativeTarget;
			buildConfigurationList = 5876B3E32C8D04810077960A /* Build configuration list for PBXNativeTarget "Rews" */;
			buildPhases = (
				5876B3D12C8D047E0077960A /* Sources */,
				5876B3D22C8D047E0077960A /* Frameworks */,
				5876B3D32C8D047E0077960A /* Resources */,
			);
			buildRules = (
			);
			dependencies = (
			);
			fileSystemSynchronizedGroups = (
				583D0CBC2C9D033B0095E535 /* Errors */,
			);
			name = Rews;
			productName = LakesDangerZone;
			productReference = 5876B3D52C8D047E0077960A /* Rews.app */;
			productType = "com.apple.product-type.application";
		};
/* End PBXNativeTarget section */

/* Begin PBXProject section */
		5876B3CD2C8D047D0077960A /* Project object */ = {
			isa = PBXProject;
			attributes = {
				BuildIndependentTargetsInParallel = 1;
				LastSwiftUpdateCheck = 1540;
				LastUpgradeCheck = 1540;
				TargetAttributes = {
					5876B3D42C8D047E0077960A = {
						CreatedOnToolsVersion = 15.4;
					};
				};
			};
			buildConfigurationList = 5876B3D02C8D047D0077960A /* Build configuration list for PBXProject "Rews" */;
			compatibilityVersion = "Xcode 14.0";
			developmentRegion = en;
			hasScannedForEncodings = 0;
			knownRegions = (
				en,
				Base,
			);
			mainGroup = 5876B3CC2C8D047D0077960A;
			productRefGroup = 5876B3D62C8D047E0077960A /* Products */;
			projectDirPath = "";
			projectRoot = "";
			targets = (
				5876B3D42C8D047E0077960A /* Rews */,
			);
		};
/* End PBXProject section */

/* Begin PBXResourcesBuildPhase section */
		5876B3D32C8D047E0077960A /* Resources */ = {
			isa = PBXResourcesBuildPhase;
			buildActionMask = 2147483647;
			files = (
				5876B3DD2C8D04810077960A /* Assets.xcassets in Resources */,
			);
			runOnlyForDeploymentPostprocessing = 0;
		};
/* End PBXResourcesBuildPhase section */

/* Begin PBXSourcesBuildPhase section */
		5876B3D12C8D047E0077960A /* Sources */ = {
			isa = PBXSourcesBuildPhase;
			buildActionMask = 2147483647;
			files = (
				58AD20042C9691B100716111 /* VideoView.swift in Sources */,
				58CA69382C9FAD3400099335 /* Shelter.swift in Sources */,
				5838F1C12C8E839F00A43263 /* ServicesView.swift in Sources */,
				58EDD4172C93A64F004C2AF2 /* ArticleView.swift in Sources */,
				58CA693A2C9FADD600099335 /* ShelterViewModel.swift in Sources */,
				58CA693C2C9FAF2000099335 /* VideoViewModel.swift in Sources */,
				58EDD4212C93B6F5004C2AF2 /* Article.swift in Sources */,
				5876B3DB2C8D047E0077960A /* ContentView.swift in Sources */,
				58CA69362C9FA47600099335 /* Video.swift in Sources */,
				58EDD4232C93BB6D004C2AF2 /* Author.swift in Sources */,
				58EDD41C2C93AB49004C2AF2 /* ServicePhone.swift in Sources */,
				5838F1BF2C8E832500A43263 /* MapView.swift in Sources */,
				58EDD4252C93BB93004C2AF2 /* ArticleViewModel.swift in Sources */,
				58EDD41E2C93ABEA004C2AF2 /* ServicePhoneViewModel.swift in Sources */,
				5876B3D92C8D047E0077960A /* Rews.swift in Sources */,
				58E2068B2C8E815A003CDE61 /* NewsView.swift in Sources */,
			);
			runOnlyForDeploymentPostprocessing = 0;
		};
/* End PBXSourcesBuildPhase section */

/* Begin XCBuildConfiguration section */
		5876B3E12C8D04810077960A /* Debug */ = {
			isa = XCBuildConfiguration;
			baseConfigurationReference = 583D0CBA2C9CFF1F0095E535 /* env.xcconfig */;
			buildSettings = {
				ALWAYS_SEARCH_USER_PATHS = NO;
				ASSETCATALOG_COMPILER_GENERATE_SWIFT_ASSET_SYMBOL_EXTENSIONS = YES;
				CLANG_ANALYZER_NONNULL = YES;
				CLANG_ANALYZER_NUMBER_OBJECT_CONVERSION = YES_AGGRESSIVE;
				CLANG_CXX_LANGUAGE_STANDARD = "gnu++20";
				CLANG_ENABLE_MODULES = YES;
				CLANG_ENABLE_OBJC_ARC = YES;
				CLANG_ENABLE_OBJC_WEAK = YES;
				CLANG_WARN_BLOCK_CAPTURE_AUTORELEASING = YES;
				CLANG_WARN_BOOL_CONVERSION = YES;
				CLANG_WARN_COMMA = YES;
				CLANG_WARN_CONSTANT_CONVERSION = YES;
				CLANG_WARN_DEPRECATED_OBJC_IMPLEMENTATIONS = YES;
				CLANG_WARN_DIRECT_OBJC_ISA_USAGE = YES_ERROR;
				CLANG_WARN_DOCUMENTATION_COMMENTS = YES;
				CLANG_WARN_EMPTY_BODY = YES;
				CLANG_WARN_ENUM_CONVERSION = YES;
				CLANG_WARN_INFINITE_RECURSION = YES;
				CLANG_WARN_INT_CONVERSION = YES;
				CLANG_WARN_NON_LITERAL_NULL_CONVERSION = YES;
				CLANG_WARN_OBJC_IMPLICIT_RETAIN_SELF = YES;
				CLANG_WARN_OBJC_LITERAL_CONVERSION = YES;
				CLANG_WARN_OBJC_ROOT_CLASS = YES_ERROR;
				CLANG_WARN_QUOTED_INCLUDE_IN_FRAMEWORK_HEADER = YES;
				CLANG_WARN_RANGE_LOOP_ANALYSIS = YES;
				CLANG_WARN_STRICT_PROTOTYPES = YES;
				CLANG_WARN_SUSPICIOUS_MOVE = YES;
				CLANG_WARN_UNGUARDED_AVAILABILITY = YES_AGGRESSIVE;
				CLANG_WARN_UNREACHABLE_CODE = YES;
				CLANG_WARN__DUPLICATE_METHOD_MATCH = YES;
				COPY_PHASE_STRIP = NO;
				DEBUG_INFORMATION_FORMAT = dwarf;
				ENABLE_STRICT_OBJC_MSGSEND = YES;
				ENABLE_TESTABILITY = YES;
				ENABLE_USER_SCRIPT_SANDBOXING = YES;
				GCC_C_LANGUAGE_STANDARD = gnu17;
				GCC_DYNAMIC_NO_PIC = NO;
				GCC_NO_COMMON_BLOCKS = YES;
				GCC_OPTIMIZATION_LEVEL = 0;
				GCC_PREPROCESSOR_DEFINITIONS = (
					"DEBUG=1",
					"$(inherited)",
				);
				GCC_WARN_64_TO_32_BIT_CONVERSION = YES;
				GCC_WARN_ABOUT_RETURN_TYPE = YES_ERROR;
				GCC_WARN_UNDECLARED_SELECTOR = YES;
				GCC_WARN_UNINITIALIZED_AUTOS = YES_AGGRESSIVE;
				GCC_WARN_UNUSED_FUNCTION = YES;
				GCC_WARN_UNUSED_VARIABLE = YES;
				IPHONEOS_DEPLOYMENT_TARGET = 17.5;
				LOCALIZATION_PREFERS_STRING_CATALOGS = YES;
				MTL_ENABLE_DEBUG_INFO = INCLUDE_SOURCE;
				MTL_FAST_MATH = YES;
				ONLY_ACTIVE_ARCH = YES;
				SDKROOT = iphoneos;
				SWIFT_ACTIVE_COMPILATION_CONDITIONS = "DEBUG $(inherited)";
				SWIFT_OPTIMIZATION_LEVEL = "-Onone";
			};
			name = Debug;
		};
		5876B3E22C8D04810077960A /* Release */ = {
			isa = XCBuildConfiguration;
			buildSettings = {
				ALWAYS_SEARCH_USER_PATHS = NO;
				ASSETCATALOG_COMPILER_GENERATE_SWIFT_ASSET_SYMBOL_EXTENSIONS = YES;
				CLANG_ANALYZER_NONNULL = YES;
				CLANG_ANALYZER_NUMBER_OBJECT_CONVERSION = YES_AGGRESSIVE;
				CLANG_CXX_LANGUAGE_STANDARD = "gnu++20";
				CLANG_ENABLE_MODULES = YES;
				CLANG_ENABLE_OBJC_ARC = YES;
				CLANG_ENABLE_OBJC_WEAK = YES;
				CLANG_WARN_BLOCK_CAPTURE_AUTORELEASING = YES;
				CLANG_WARN_BOOL_CONVERSION = YES;
				CLANG_WARN_COMMA = YES;
				CLANG_WARN_CONSTANT_CONVERSION = YES;
				CLANG_WARN_DEPRECATED_OBJC_IMPLEMENTATIONS = YES;
				CLANG_WARN_DIRECT_OBJC_ISA_USAGE = YES_ERROR;
				CLANG_WARN_DOCUMENTATION_COMMENTS = YES;
				CLANG_WARN_EMPTY_BODY = YES;
				CLANG_WARN_ENUM_CONVERSION = YES;
				CLANG_WARN_INFINITE_RECURSION = YES;
				CLANG_WARN_INT_CONVERSION = YES;
				CLANG_WARN_NON_LITERAL_NULL_CONVERSION = YES;
				CLANG_WARN_OBJC_IMPLICIT_RETAIN_SELF = YES;
				CLANG_WARN_OBJC_LITERAL_CONVERSION = YES;
				CLANG_WARN_OBJC_ROOT_CLASS = YES_ERROR;
				CLANG_WARN_QUOTED_INCLUDE_IN_FRAMEWORK_HEADER = YES;
				CLANG_WARN_RANGE_LOOP_ANALYSIS = YES;
				CLANG_WARN_STRICT_PROTOTYPES = YES;
				CLANG_WARN_SUSPICIOUS_MOVE = YES;
				CLANG_WARN_UNGUARDED_AVAILABILITY = YES_AGGRESSIVE;
				CLANG_WARN_UNREACHABLE_CODE = YES;
				CLANG_WARN__DUPLICATE_METHOD_MATCH = YES;
				COPY_PHASE_STRIP = NO;
				DEBUG_INFORMATION_FORMAT = "dwarf-with-dsym";
				ENABLE_NS_ASSERTIONS = NO;
				ENABLE_STRICT_OBJC_MSGSEND = YES;
				ENABLE_USER_SCRIPT_SANDBOXING = YES;
				GCC_C_LANGUAGE_STANDARD = gnu17;
				GCC_NO_COMMON_BLOCKS = YES;
				GCC_WARN_64_TO_32_BIT_CONVERSION = YES;
				GCC_WARN_ABOUT_RETURN_TYPE = YES_ERROR;
				GCC_WARN_UNDECLARED_SELECTOR = YES;
				GCC_WARN_UNINITIALIZED_AUTOS = YES_AGGRESSIVE;
				GCC_WARN_UNUSED_FUNCTION = YES;
				GCC_WARN_UNUSED_VARIABLE = YES;
				IPHONEOS_DEPLOYMENT_TARGET = 17.5;
				LOCALIZATION_PREFERS_STRING_CATALOGS = YES;
				MTL_ENABLE_DEBUG_INFO = NO;
				MTL_FAST_MATH = YES;
				SDKROOT = iphoneos;
				SWIFT_COMPILATION_MODE = wholemodule;
				VALIDATE_PRODUCT = YES;
			};
			name = Release;
		};
		5876B3E42C8D04810077960A /* Debug */ = {
			isa = XCBuildConfiguration;
			buildSettings = {
				ASSETCATALOG_COMPILER_APPICON_NAME = AppIcon;
				ASSETCATALOG_COMPILER_GLOBAL_ACCENT_COLOR_NAME = AccentColor;
				CODE_SIGN_STYLE = Automatic;
				CURRENT_PROJECT_VERSION = 1;
				DEVELOPMENT_ASSET_PATHS = "";
				DEVELOPMENT_TEAM = BYQ53RS6D2;
				ENABLE_PREVIEWS = YES;
				GENERATE_INFOPLIST_FILE = YES;
				INFOPLIST_FILE = Rews/Info.plist;
				INFOPLIST_KEY_CFBundleDisplayName = REWS;
				INFOPLIST_KEY_LSApplicationCategoryType = "public.app-category.utilities";
				INFOPLIST_KEY_NSLocationAlwaysUsageDescription = "We need your location to track your activity in the background.";
				INFOPLIST_KEY_NSLocationWhenInUseUsageDescription = "We need your location to provide personalized services.";
				INFOPLIST_KEY_UIApplicationSceneManifest_Generation = YES;
				INFOPLIST_KEY_UIApplicationSupportsIndirectInputEvents = YES;
				INFOPLIST_KEY_UILaunchScreen_Generation = YES;
				INFOPLIST_KEY_UISupportedInterfaceOrientations_iPad = "UIInterfaceOrientationPortrait UIInterfaceOrientationPortraitUpsideDown UIInterfaceOrientationLandscapeLeft UIInterfaceOrientationLandscapeRight";
				INFOPLIST_KEY_UISupportedInterfaceOrientations_iPhone = "UIInterfaceOrientationPortrait UIInterfaceOrientationLandscapeLeft UIInterfaceOrientationLandscapeRight";
				LD_RUNPATH_SEARCH_PATHS = (
					"$(inherited)",
					"@executable_path/Frameworks",
				);
				MARKETING_VERSION = 1.0;
				PRODUCT_BUNDLE_IDENTIFIER = BarrosGusta.Rews;
				PRODUCT_NAME = "$(TARGET_NAME)";
				SWIFT_EMIT_LOC_STRINGS = YES;
				SWIFT_VERSION = 5.0;
				TARGETED_DEVICE_FAMILY = "1,2";
			};
			name = Debug;
		};
		5876B3E52C8D04810077960A /* Release */ = {
			isa = XCBuildConfiguration;
			buildSettings = {
				ASSETCATALOG_COMPILER_APPICON_NAME = AppIcon;
				ASSETCATALOG_COMPILER_GLOBAL_ACCENT_COLOR_NAME = AccentColor;
				CODE_SIGN_STYLE = Automatic;
				CURRENT_PROJECT_VERSION = 1;
				DEVELOPMENT_ASSET_PATHS = "";
				DEVELOPMENT_TEAM = BYQ53RS6D2;
				ENABLE_PREVIEWS = YES;
				GENERATE_INFOPLIST_FILE = YES;
				INFOPLIST_FILE = Rews/Info.plist;
				INFOPLIST_KEY_CFBundleDisplayName = REWS;
				INFOPLIST_KEY_LSApplicationCategoryType = "public.app-category.utilities";
				INFOPLIST_KEY_NSLocationAlwaysUsageDescription = "We need your location to track your activity in the background.";
				INFOPLIST_KEY_NSLocationWhenInUseUsageDescription = "We need your location to provide personalized services.";
				INFOPLIST_KEY_UIApplicationSceneManifest_Generation = YES;
				INFOPLIST_KEY_UIApplicationSupportsIndirectInputEvents = YES;
				INFOPLIST_KEY_UILaunchScreen_Generation = YES;
				INFOPLIST_KEY_UISupportedInterfaceOrientations_iPad = "UIInterfaceOrientationPortrait UIInterfaceOrientationPortraitUpsideDown UIInterfaceOrientationLandscapeLeft UIInterfaceOrientationLandscapeRight";
				INFOPLIST_KEY_UISupportedInterfaceOrientations_iPhone = "UIInterfaceOrientationPortrait UIInterfaceOrientationLandscapeLeft UIInterfaceOrientationLandscapeRight";
				LD_RUNPATH_SEARCH_PATHS = (
					"$(inherited)",
					"@executable_path/Frameworks",
				);
				MARKETING_VERSION = 1.0;
				PRODUCT_BUNDLE_IDENTIFIER = BarrosGusta.Rews;
				PRODUCT_NAME = "$(TARGET_NAME)";
				SWIFT_EMIT_LOC_STRINGS = YES;
				SWIFT_VERSION = 5.0;
				TARGETED_DEVICE_FAMILY = "1,2";
			};
			name = Release;
		};
/* End XCBuildConfiguration section */

/* Begin XCConfigurationList section */
		5876B3D02C8D047D0077960A /* Build configuration list for PBXProject "Rews" */ = {
			isa = XCConfigurationList;
			buildConfigurations = (
				5876B3E12C8D04810077960A /* Debug */,
				5876B3E22C8D04810077960A /* Release */,
			);
			defaultConfigurationIsVisible = 0;
			defaultConfigurationName = Release;
		};
		5876B3E32C8D04810077960A /* Build configuration list for PBXNativeTarget "Rews" */ = {
			isa = XCConfigurationList;
			buildConfigurations = (
				5876B3E42C8D04810077960A /* Debug */,
				5876B3E52C8D04810077960A /* Release */,
			);
			defaultConfigurationIsVisible = 0;
			defaultConfigurationName = Release;
		};
/* End XCConfigurationList section */
	};
	rootObject = 5876B3CD2C8D047D0077960A /* Project object */;
}
